// !$*UTF8*$!
{
	archiveVersion = 1;
	classes = {
	};
	objectVersion = 46;
	objects = {

/* Begin PBXBuildFile section */
		758AD18F1EF79B3500BB4E66 /* Constants.swift in Sources */ = {isa = PBXBuildFile; fileRef = 758AD18E1EF79B3500BB4E66 /* Constants.swift */; };
		758AD1911EF79BD600BB4E66 /* ButtonShadow.swift in Sources */ = {isa = PBXBuildFile; fileRef = 758AD1901EF79BD600BB4E66 /* ButtonShadow.swift */; };
		758AD1931EF79F2200BB4E66 /* TextFieldCustomView.swift in Sources */ = {isa = PBXBuildFile; fileRef = 758AD1921EF79F2200BB4E66 /* TextFieldCustomView.swift */; };
		758AD1951EF79FFF00BB4E66 /* SignInCustomView.swift in Sources */ = {isa = PBXBuildFile; fileRef = 758AD1941EF79FFF00BB4E66 /* SignInCustomView.swift */; };
		75A2CD411EECC2C100C8E2DC /* AppDelegate.swift in Sources */ = {isa = PBXBuildFile; fileRef = 75A2CD401EECC2C100C8E2DC /* AppDelegate.swift */; };
		75A2CD431EECC2C100C8E2DC /* SignInVC.swift in Sources */ = {isa = PBXBuildFile; fileRef = 75A2CD421EECC2C100C8E2DC /* SignInVC.swift */; };
		75A2CD461EECC2C100C8E2DC /* Main.storyboard in Resources */ = {isa = PBXBuildFile; fileRef = 75A2CD441EECC2C100C8E2DC /* Main.storyboard */; };
		75A2CD481EECC2C100C8E2DC /* Assets.xcassets in Resources */ = {isa = PBXBuildFile; fileRef = 75A2CD471EECC2C100C8E2DC /* Assets.xcassets */; };
		75A2CD4B1EECC2C100C8E2DC /* LaunchScreen.storyboard in Resources */ = {isa = PBXBuildFile; fileRef = 75A2CD491EECC2C100C8E2DC /* LaunchScreen.storyboard */; };
		75A2CD531EECC32B00C8E2DC /* GoogleService-Info.plist in Resources */ = {isa = PBXBuildFile; fileRef = 75A2CD521EECC32B00C8E2DC /* GoogleService-Info.plist */; };
		9D0724BA075C6A3A43CF0B86 /* Pods_PEEK.framework in Frameworks */ = {isa = PBXBuildFile; fileRef = 86E6821108CF1C3C8D5B2B20 /* Pods_PEEK.framework */; };
/* End PBXBuildFile section */

/* Begin PBXFileReference section */
		1011337BD5D11A05344F5E8D /* Pods-PEEK.release.xcconfig */ = {isa = PBXFileReference; includeInIndex = 1; lastKnownFileType = text.xcconfig; name = "Pods-PEEK.release.xcconfig"; path = "Pods/Target Support Files/Pods-PEEK/Pods-PEEK.release.xcconfig"; sourceTree = "<group>"; };
		758AD18E1EF79B3500BB4E66 /* Constants.swift */ = {isa = PBXFileReference; lastKnownFileType = sourcecode.swift; path = Constants.swift; sourceTree = "<group>"; };
		758AD1901EF79BD600BB4E66 /* ButtonShadow.swift */ = {isa = PBXFileReference; lastKnownFileType = sourcecode.swift; path = ButtonShadow.swift; sourceTree = "<group>"; };
		758AD1921EF79F2200BB4E66 /* TextFieldCustomView.swift */ = {isa = PBXFileReference; lastKnownFileType = sourcecode.swift; path = TextFieldCustomView.swift; sourceTree = "<group>"; };
		758AD1941EF79FFF00BB4E66 /* SignInCustomView.swift */ = {isa = PBXFileReference; lastKnownFileType = sourcecode.swift; path = SignInCustomView.swift; sourceTree = "<group>"; };
		75A2CD3D1EECC2C100C8E2DC /* PEEK.app */ = {isa = PBXFileReference; explicitFileType = wrapper.application; includeInIndex = 0; path = PEEK.app; sourceTree = BUILT_PRODUCTS_DIR; };
		75A2CD401EECC2C100C8E2DC /* AppDelegate.swift */ = {isa = PBXFileReference; lastKnownFileType = sourcecode.swift; path = AppDelegate.swift; sourceTree = "<group>"; };
		75A2CD421EECC2C100C8E2DC /* SignInVC.swift */ = {isa = PBXFileReference; lastKnownFileType = sourcecode.swift; path = SignInVC.swift; sourceTree = "<group>"; };
		75A2CD451EECC2C100C8E2DC /* Base */ = {isa = PBXFileReference; lastKnownFileType = file.storyboard; name = Base; path = Base.lproj/Main.storyboard; sourceTree = "<group>"; };
		75A2CD471EECC2C100C8E2DC /* Assets.xcassets */ = {isa = PBXFileReference; lastKnownFileType = folder.assetcatalog; path = Assets.xcassets; sourceTree = "<group>"; };
		75A2CD4A1EECC2C100C8E2DC /* Base */ = {isa = PBXFileReference; lastKnownFileType = file.storyboard; name = Base; path = Base.lproj/LaunchScreen.storyboard; sourceTree = "<group>"; };
		75A2CD4C1EECC2C100C8E2DC /* Info.plist */ = {isa = PBXFileReference; lastKnownFileType = text.plist.xml; path = Info.plist; sourceTree = "<group>"; };
		75A2CD521EECC32B00C8E2DC /* GoogleService-Info.plist */ = {isa = PBXFileReference; fileEncoding = 4; lastKnownFileType = text.plist.xml; path = "GoogleService-Info.plist"; sourceTree = "<group>"; };
		75BEA3411EFD84D300A426A9 /* PEEK.entitlements */ = {isa = PBXFileReference; lastKnownFileType = text.plist.entitlements; path = PEEK.entitlements; sourceTree = "<group>"; };
		86E6821108CF1C3C8D5B2B20 /* Pods_PEEK.framework */ = {isa = PBXFileReference; explicitFileType = wrapper.framework; includeInIndex = 0; path = Pods_PEEK.framework; sourceTree = BUILT_PRODUCTS_DIR; };
		92E53E3C88673306898C5993 /* Pods-PEEK.debug.xcconfig */ = {isa = PBXFileReference; includeInIndex = 1; lastKnownFileType = text.xcconfig; name = "Pods-PEEK.debug.xcconfig"; path = "Pods/Target Support Files/Pods-PEEK/Pods-PEEK.debug.xcconfig"; sourceTree = "<group>"; };
/* End PBXFileReference section */

/* Begin PBXFrameworksBuildPhase section */
		75A2CD3A1EECC2C100C8E2DC /* Frameworks */ = {
			isa = PBXFrameworksBuildPhase;
			buildActionMask = 2147483647;
			files = (
				9D0724BA075C6A3A43CF0B86 /* Pods_PEEK.framework in Frameworks */,
			);
			runOnlyForDeploymentPostprocessing = 0;
		};
/* End PBXFrameworksBuildPhase section */

/* Begin PBXGroup section */
		10A65D3B41953F476765B089 /* Pods */ = {
			isa = PBXGroup;
			children = (
				92E53E3C88673306898C5993 /* Pods-PEEK.debug.xcconfig */,
				1011337BD5D11A05344F5E8D /* Pods-PEEK.release.xcconfig */,
			);
			name = Pods;
			sourceTree = "<group>";
		};
		758AD18D1EF79A1C00BB4E66 /* Utilities */ = {
			isa = PBXGroup;
			children = (
				758AD18E1EF79B3500BB4E66 /* Constants.swift */,
			);
			path = Utilities;
			sourceTree = "<group>";
		};
		75A2CD341EECC2C100C8E2DC = {
			isa = PBXGroup;
			children = (
				75A2CD3F1EECC2C100C8E2DC /* PEEK */,
				75A2CD3E1EECC2C100C8E2DC /* Products */,
				10A65D3B41953F476765B089 /* Pods */,
				C88E25D7B35F9AE5BF26F6D2 /* Frameworks */,
			);
			sourceTree = "<group>";
		};
		75A2CD3E1EECC2C100C8E2DC /* Products */ = {
			isa = PBXGroup;
			children = (
				75A2CD3D1EECC2C100C8E2DC /* PEEK.app */,
			);
			name = Products;
			sourceTree = "<group>";
		};
		75A2CD3F1EECC2C100C8E2DC /* PEEK */ = {
			isa = PBXGroup;
			children = (
				75BEA3411EFD84D300A426A9 /* PEEK.entitlements */,
				758AD18D1EF79A1C00BB4E66 /* Utilities */,
				75A2CD561EECC64300C8E2DC /* Controller */,
				75A2CD551EECC63D00C8E2DC /* View */,
				75A2CD541EECC63700C8E2DC /* Model */,
				75A2CD401EECC2C100C8E2DC /* AppDelegate.swift */,
				75A2CD441EECC2C100C8E2DC /* Main.storyboard */,
				75A2CD471EECC2C100C8E2DC /* Assets.xcassets */,
				75A2CD491EECC2C100C8E2DC /* LaunchScreen.storyboard */,
				75A2CD4C1EECC2C100C8E2DC /* Info.plist */,
				75A2CD521EECC32B00C8E2DC /* GoogleService-Info.plist */,
			);
			path = PEEK;
			sourceTree = "<group>";
		};
		75A2CD541EECC63700C8E2DC /* Model */ = {
			isa = PBXGroup;
			children = (
			);
			name = Model;
			sourceTree = "<group>";
		};
		75A2CD551EECC63D00C8E2DC /* View */ = {
			isa = PBXGroup;
			children = (
				758AD1901EF79BD600BB4E66 /* ButtonShadow.swift */,
				758AD1921EF79F2200BB4E66 /* TextFieldCustomView.swift */,
				758AD1941EF79FFF00BB4E66 /* SignInCustomView.swift */,
			);
			name = View;
			sourceTree = "<group>";
		};
		75A2CD561EECC64300C8E2DC /* Controller */ = {
			isa = PBXGroup;
			children = (
				75A2CD421EECC2C100C8E2DC /* SignInVC.swift */,
			);
			name = Controller;
			sourceTree = "<group>";
		};
		C88E25D7B35F9AE5BF26F6D2 /* Frameworks */ = {
			isa = PBXGroup;
			children = (
				86E6821108CF1C3C8D5B2B20 /* Pods_PEEK.framework */,
			);
			name = Frameworks;
			sourceTree = "<group>";
		};
/* End PBXGroup section */

/* Begin PBXNativeTarget section */
		75A2CD3C1EECC2C100C8E2DC /* PEEK */ = {
			isa = PBXNativeTarget;
			buildConfigurationList = 75A2CD4F1EECC2C100C8E2DC /* Build configuration list for PBXNativeTarget "PEEK" */;
			buildPhases = (
				CEDAC999761D2455677DD8ED /* [CP] Check Pods Manifest.lock */,
				75A2CD391EECC2C100C8E2DC /* Sources */,
				75A2CD3A1EECC2C100C8E2DC /* Frameworks */,
				75A2CD3B1EECC2C100C8E2DC /* Resources */,
				6F14EA55C120967B6E13F218 /* [CP] Embed Pods Frameworks */,
				144781C0C395EAEB8F1F2CDA /* [CP] Copy Pods Resources */,
			);
			buildRules = (
			);
			dependencies = (
			);
			name = PEEK;
			productName = PEEK;
			productReference = 75A2CD3D1EECC2C100C8E2DC /* PEEK.app */;
			productType = "com.apple.product-type.application";
		};
/* End PBXNativeTarget section */

/* Begin PBXProject section */
		75A2CD351EECC2C100C8E2DC /* Project object */ = {
			isa = PBXProject;
			attributes = {
				LastSwiftUpdateCheck = 0830;
				LastUpgradeCheck = 0900;
				ORGANIZATIONNAME = Maholeycow_Development;
				TargetAttributes = {
					75A2CD3C1EECC2C100C8E2DC = {
						CreatedOnToolsVersion = 8.3.3;
						DevelopmentTeam = GELTSRH623;
						LastSwiftMigration = 0900;
						ProvisioningStyle = Automatic;
						SystemCapabilities = {
							com.apple.Keychain = {
								enabled = 1;
							};
						};
					};
				};
			};
			buildConfigurationList = 75A2CD381EECC2C100C8E2DC /* Build configuration list for PBXProject "PEEK" */;
			compatibilityVersion = "Xcode 3.2";
			developmentRegion = English;
			hasScannedForEncodings = 0;
			knownRegions = (
				en,
				Base,
			);
			mainGroup = 75A2CD341EECC2C100C8E2DC;
			productRefGroup = 75A2CD3E1EECC2C100C8E2DC /* Products */;
			projectDirPath = "";
			projectRoot = "";
			targets = (
				75A2CD3C1EECC2C100C8E2DC /* PEEK */,
			);
		};
/* End PBXProject section */

/* Begin PBXResourcesBuildPhase section */
		75A2CD3B1EECC2C100C8E2DC /* Resources */ = {
			isa = PBXResourcesBuildPhase;
			buildActionMask = 2147483647;
			files = (
				75A2CD4B1EECC2C100C8E2DC /* LaunchScreen.storyboard in Resources */,
				75A2CD481EECC2C100C8E2DC /* Assets.xcassets in Resources */,
				75A2CD461EECC2C100C8E2DC /* Main.storyboard in Resources */,
				75A2CD531EECC32B00C8E2DC /* GoogleService-Info.plist in Resources */,
			);
			runOnlyForDeploymentPostprocessing = 0;
		};
/* End PBXResourcesBuildPhase section */

/* Begin PBXShellScriptBuildPhase section */
		144781C0C395EAEB8F1F2CDA /* [CP] Copy Pods Resources */ = {
			isa = PBXShellScriptBuildPhase;
			buildActionMask = 2147483647;
			files = (
			);
			inputPaths = (
			);
			name = "[CP] Copy Pods Resources";
			outputPaths = (
			);
			runOnlyForDeploymentPostprocessing = 0;
			shellPath = /bin/sh;
			shellScript = "\"${SRCROOT}/Pods/Target Support Files/Pods-PEEK/Pods-PEEK-resources.sh\"\n";
			showEnvVarsInLog = 0;
		};
		6F14EA55C120967B6E13F218 /* [CP] Embed Pods Frameworks */ = {
			isa = PBXShellScriptBuildPhase;
			buildActionMask = 2147483647;
			files = (
			);
			inputPaths = (
			);
			name = "[CP] Embed Pods Frameworks";
			outputPaths = (
			);
			runOnlyForDeploymentPostprocessing = 0;
			shellPath = /bin/sh;
			shellScript = "\"${SRCROOT}/Pods/Target Support Files/Pods-PEEK/Pods-PEEK-frameworks.sh\"\n";
			showEnvVarsInLog = 0;
		};
		CEDAC999761D2455677DD8ED /* [CP] Check Pods Manifest.lock */ = {
			isa = PBXShellScriptBuildPhase;
			buildActionMask = 2147483647;
			files = (
			);
			inputPaths = (
			);
			name = "[CP] Check Pods Manifest.lock";
			outputPaths = (
			);
			runOnlyForDeploymentPostprocessing = 0;
			shellPath = /bin/sh;
			shellScript = "diff \"${PODS_ROOT}/../Podfile.lock\" \"${PODS_ROOT}/Manifest.lock\" > /dev/null\nif [ $? != 0 ] ; then\n    # print error to STDERR\n    echo \"error: The sandbox is not in sync with the Podfile.lock. Run 'pod install' or update your CocoaPods installation.\" >&2\n    exit 1\nfi\n";
			showEnvVarsInLog = 0;
		};
/* End PBXShellScriptBuildPhase section */

/* Begin PBXSourcesBuildPhase section */
		75A2CD391EECC2C100C8E2DC /* Sources */ = {
			isa = PBXSourcesBuildPhase;
			buildActionMask = 2147483647;
			files = (
				75A2CD431EECC2C100C8E2DC /* SignInVC.swift in Sources */,
				75A2CD411EECC2C100C8E2DC /* AppDelegate.swift in Sources */,
				758AD18F1EF79B3500BB4E66 /* Constants.swift in Sources */,
				758AD1951EF79FFF00BB4E66 /* SignInCustomView.swift in Sources */,
				758AD1911EF79BD600BB4E66 /* ButtonShadow.swift in Sources */,
				758AD1931EF79F2200BB4E66 /* TextFieldCustomView.swift in Sources */,
			);
			runOnlyForDeploymentPostprocessing = 0;
		};
/* End PBXSourcesBuildPhase section */

/* Begin PBXVariantGroup section */
		75A2CD441EECC2C100C8E2DC /* Main.storyboard */ = {
			isa = PBXVariantGroup;
			children = (
				75A2CD451EECC2C100C8E2DC /* Base */,
			);
			name = Main.storyboard;
			sourceTree = "<group>";
		};
		75A2CD491EECC2C100C8E2DC /* LaunchScreen.storyboard */ = {
			isa = PBXVariantGroup;
			children = (
				75A2CD4A1EECC2C100C8E2DC /* Base */,
			);
			name = LaunchScreen.storyboard;
			sourceTree = "<group>";
		};
/* End PBXVariantGroup section */

/* Begin XCBuildConfiguration section */
		75A2CD4D1EECC2C100C8E2DC /* Debug */ = {
			isa = XCBuildConfiguration;
			buildSettings = {
				ALWAYS_SEARCH_USER_PATHS = NO;
				CLANG_ANALYZER_NONNULL = YES;
				CLANG_ANALYZER_NUMBER_OBJECT_CONVERSION = YES_AGGRESSIVE;
				CLANG_CXX_LANGUAGE_STANDARD = "gnu++0x";
				CLANG_CXX_LIBRARY = "libc++";
				CLANG_ENABLE_MODULES = YES;
				CLANG_ENABLE_OBJC_ARC = YES;
				CLANG_WARN_BLOCK_CAPTURE_AUTORELEASING = YES;
				CLANG_WARN_BOOL_CONVERSION = YES;
				CLANG_WARN_COMMA = YES;
				CLANG_WARN_CONSTANT_CONVERSION = YES;
				CLANG_WARN_DIRECT_OBJC_ISA_USAGE = YES_ERROR;
				CLANG_WARN_DOCUMENTATION_COMMENTS = YES;
				CLANG_WARN_EMPTY_BODY = YES;
				CLANG_WARN_ENUM_CONVERSION = YES;
				CLANG_WARN_INFINITE_RECURSION = YES;
				CLANG_WARN_INT_CONVERSION = YES;
				CLANG_WARN_NON_LITERAL_NULL_CONVERSION = YES;
				CLANG_WARN_OBJC_LITERAL_CONVERSION = YES;
				CLANG_WARN_OBJC_ROOT_CLASS = YES_ERROR;
				CLANG_WARN_RANGE_LOOP_ANALYSIS = YES;
				CLANG_WARN_STRICT_PROTOTYPES = YES;
				CLANG_WARN_SUSPICIOUS_MOVE = YES;
				CLANG_WARN_UNREACHABLE_CODE = YES;
				CLANG_WARN__DUPLICATE_METHOD_MATCH = YES;
				"CODE_SIGN_IDENTITY[sdk=iphoneos*]" = "iPhone Developer";
				COPY_PHASE_STRIP = NO;
				DEBUG_INFORMATION_FORMAT = dwarf;
				ENABLE_STRICT_OBJC_MSGSEND = YES;
				ENABLE_TESTABILITY = YES;
				GCC_C_LANGUAGE_STANDARD = gnu99;
				GCC_DYNAMIC_NO_PIC = NO;
				GCC_NO_COMMON_BLOCKS = YES;
				GCC_OPTIMIZATION_LEVEL = 0;
				GCC_PREPROCESSOR_DEFINITIONS = (
					"DEBUG=1",
					"$(inherited)",
				);
				GCC_WARN_64_TO_32_BIT_CONVERSION = YES;
				GCC_WARN_ABOUT_RETURN_TYPE = YES_ERROR;
				GCC_WARN_UNDECLARED_SELECTOR = YES;
				GCC_WARN_UNINITIALIZED_AUTOS = YES_AGGRESSIVE;
				GCC_WARN_UNUSED_FUNCTION = YES;
				GCC_WARN_UNUSED_VARIABLE = YES;
				IPHONEOS_DEPLOYMENT_TARGET = 10.3;
				MTL_ENABLE_DEBUG_INFO = YES;
				ONLY_ACTIVE_ARCH = YES;
				SDKROOT = iphoneos;
				SWIFT_ACTIVE_COMPILATION_CONDITIONS = DEBUG;
				SWIFT_OPTIMIZATION_LEVEL = "-Onone";
				SWIFT_VERSION = 3.0;
				TARGETED_DEVICE_FAMILY = "1,2";
			};
			name = Debug;
		};
		75A2CD4E1EECC2C100C8E2DC /* Release */ = {
			isa = XCBuildConfiguration;
			buildSettings = {
				ALWAYS_SEARCH_USER_PATHS = NO;
				CLANG_ANALYZER_NONNULL = YES;
				CLANG_ANALYZER_NUMBER_OBJECT_CONVERSION = YES_AGGRESSIVE;
				CLANG_CXX_LANGUAGE_STANDARD = "gnu++0x";
				CLANG_CXX_LIBRARY = "libc++";
				CLANG_ENABLE_MODULES = YES;
				CLANG_ENABLE_OBJC_ARC = YES;
				CLANG_WARN_BLOCK_CAPTURE_AUTORELEASING = YES;
				CLANG_WARN_BOOL_CONVERSION = YES;
				CLANG_WARN_COMMA = YES;
				CLANG_WARN_CONSTANT_CONVERSION = YES;
				CLANG_WARN_DIRECT_OBJC_ISA_USAGE = YES_ERROR;
				CLANG_WARN_DOCUMENTATION_COMMENTS = YES;
				CLANG_WARN_EMPTY_BODY = YES;
				CLANG_WARN_ENUM_CONVERSION = YES;
				CLANG_WARN_INFINITE_RECURSION = YES;
				CLANG_WARN_INT_CONVERSION = YES;
				CLANG_WARN_NON_LITERAL_NULL_CONVERSION = YES;
				CLANG_WARN_OBJC_LITERAL_CONVERSION = YES;
				CLANG_WARN_OBJC_ROOT_CLASS = YES_ERROR;
				CLANG_WARN_RANGE_LOOP_ANALYSIS = YES;
				CLANG_WARN_STRICT_PROTOTYPES = YES;
				CLANG_WARN_SUSPICIOUS_MOVE = YES;
				CLANG_WARN_UNREACHABLE_CODE = YES;
				CLANG_WARN__DUPLICATE_METHOD_MATCH = YES;
				"CODE_SIGN_IDENTITY[sdk=iphoneos*]" = "iPhone Developer";
				COPY_PHASE_STRIP = NO;
				DEBUG_INFORMATION_FORMAT = "dwarf-with-dsym";
				ENABLE_NS_ASSERTIONS = NO;
				ENABLE_STRICT_OBJC_MSGSEND = YES;
				GCC_C_LANGUAGE_STANDARD = gnu99;
				GCC_NO_COMMON_BLOCKS = YES;
				GCC_WARN_64_TO_32_BIT_CONVERSION = YES;
				GCC_WARN_ABOUT_RETURN_TYPE = YES_ERROR;
				GCC_WARN_UNDECLARED_SELECTOR = YES;
				GCC_WARN_UNINITIALIZED_AUTOS = YES_AGGRESSIVE;
				GCC_WARN_UNUSED_FUNCTION = YES;
				GCC_WARN_UNUSED_VARIABLE = YES;
				IPHONEOS_DEPLOYMENT_TARGET = 10.3;
				MTL_ENABLE_DEBUG_INFO = NO;
				SDKROOT = iphoneos;
				SWIFT_OPTIMIZATION_LEVEL = "-Owholemodule";
				SWIFT_VERSION = 3.0;
				TARGETED_DEVICE_FAMILY = "1,2";
				VALIDATE_PRODUCT = YES;
			};
			name = Release;
		};
		75A2CD501EECC2C100C8E2DC /* Debug */ = {
			isa = XCBuildConfiguration;
			baseConfigurationReference = 92E53E3C88673306898C5993 /* Pods-PEEK.debug.xcconfig */;
			buildSettings = {
				ASSETCATALOG_COMPILER_APPICON_NAME = AppIcon;
				CODE_SIGN_ENTITLEMENTS = PEEK/PEEK.entitlements;
				DEVELOPMENT_TEAM = GELTSRH623;
				INFOPLIST_FILE = PEEK/Info.plist;
				LD_RUNPATH_SEARCH_PATHS = "$(inherited) @executable_path/Frameworks";
				PRODUCT_BUNDLE_IDENTIFIER = "vanvorcepatrick.wixsite.com-maholeycow.PEEK";
				PRODUCT_NAME = "$(TARGET_NAME)";
				SWIFT_SWIFT3_OBJC_INFERENCE = On;
				SWIFT_VERSION = 3.0;
			};
			name = Debug;
		};
		75A2CD511EECC2C100C8E2DC /* Release */ = {
			isa = XCBuildConfiguration;
			baseConfigurationReference = 1011337BD5D11A05344F5E8D /* Pods-PEEK.release.xcconfig */;
			buildSettings = {
				ASSETCATALOG_COMPILER_APPICON_NAME = AppIcon;
				CODE_SIGN_ENTITLEMENTS = PEEK/PEEK.entitlements;
				DEVELOPMENT_TEAM = GELTSRH623;
				INFOPLIST_FILE = PEEK/Info.plist;
				LD_RUNPATH_SEARCH_PATHS = "$(inherited) @executable_path/Frameworks";
				PRODUCT_BUNDLE_IDENTIFIER = "vanvorcepatrick.wixsite.com-maholeycow.PEEK";
				PRODUCT_NAME = "$(TARGET_NAME)";
				SWIFT_SWIFT3_OBJC_INFERENCE = On;
				SWIFT_VERSION = 3.0;
			};
			name = Release;
		};
/* End XCBuildConfiguration section */

/* Begin XCConfigurationList section */
		75A2CD381EECC2C100C8E2DC /* Build configuration list for PBXProject "PEEK" */ = {
			isa = XCConfigurationList;
			buildConfigurations = (
				75A2CD4D1EECC2C100C8E2DC /* Debug */,
				75A2CD4E1EECC2C100C8E2DC /* Release */,
			);
			defaultConfigurationIsVisible = 0;
			defaultConfigurationName = Release;
		};
		75A2CD4F1EECC2C100C8E2DC /* Build configuration list for PBXNativeTarget "PEEK" */ = {
			isa = XCConfigurationList;
			buildConfigurations = (
				75A2CD501EECC2C100C8E2DC /* Debug */,
				75A2CD511EECC2C100C8E2DC /* Release */,
			);
			defaultConfigurationIsVisible = 0;
			defaultConfigurationName = Release;
		};
/* End XCConfigurationList section */
	};
	rootObject = 75A2CD351EECC2C100C8E2DC /* Project object */;
}
